version = 1
requires-python = ">=3.8"

[manifest]
members = [
    "python-probes",
    "python-sdk",
    "soma",
]

[[package]]
name = "python-probes"
version = "0.1.0"
source = { editable = "python-probes" }

[[package]]
name = "python-sdk"
source = { editable = "python-sdk" }

[[package]]
name = "soma"
version = "0.1.0"
source = { virtual = "." }
